
Microsoft Visual Studio Solution File, Format Version 12.00
# Visual Studio Version 17
VisualStudioVersion = 17.14.36109.1 d17.14
MinimumVisualStudioVersion = 10.0.40219.1
Project("{FAE04EC0-301F-11D3-BF4B-00C04F79EFBC}") = "Chatbot2", "Chatbot2\Chatbot2.csproj", "{01E09A83-560C-40F4-AF09-A15F158F799F}"
EndProject
Global
	GlobalSection(SolutionConfigurationPlatforms) = preSolution
		Debug|Any CPU = Debug|Any CPU
		Release|Any CPU = Release|Any CPU
	EndGlobalSection
	GlobalSection(ProjectConfigurationPlatforms) = postSolution
		{01E09A83-560C-40F4-AF09-A15F158F799F}.Debug|Any CPU.ActiveCfg = Debug|Any CPU
		{01E09A83-560C-40F4-AF09-A15F158F799F}.Debug|Any CPU.Build.0 = Debug|Any CPU
		{01E09A83-560C-40F4-AF09-A15F158F799F}.Release|Any CPU.ActiveCfg = Release|Any CPU
		{01E09A83-560C-40F4-AF09-A15F158F799F}.Release|Any CPU.Build.0 = Release|Any CPU
	EndGlobalSection
	GlobalSection(SolutionProperties) = preSolution
		HideSolutionNode = FALSE
	EndGlobalSection
	GlobalSection(ExtensibilityGlobals) = postSolution
		SolutionGuid = {BC5BA2F9-A695-4E0D-B91E-5FB4A97B1B2D}
	EndGlobalSection
EndGlobal
